
Microsoft Visual Studio Solution File, Format Version 12.00
# Visual Studio Version 17
VisualStudioVersion = 17.4.33205.214
MinimumVisualStudioVersion = 10.0.40219.1
Project("{FAE04EC0-301F-11D3-BF4B-00C04F79EFBC}") = "Day12", "Day12\Day12.csproj", "{9FCABD84-55D0-4C67-908B-2848538A86F5}"
EndProject
Global
	GlobalSection(SolutionConfigurationPlatforms) = preSolution
		Debug|Any CPU = Debug|Any CPU
		Release|Any CPU = Release|Any CPU
	EndGlobalSection
	GlobalSection(ProjectConfigurationPlatforms) = postSolution
		{9FCABD84-55D0-4C67-908B-2848538A86F5}.Debug|Any CPU.ActiveCfg = Debug|Any CPU
		{9FCABD84-55D0-4C67-908B-2848538A86F5}.Debug|Any CPU.Build.0 = Debug|Any CPU
		{9FCABD84-55D0-4C67-908B-2848538A86F5}.Release|Any CPU.ActiveCfg = Release|Any CPU
		{9FCABD84-55D0-4C67-908B-2848538A86F5}.Release|Any CPU.Build.0 = Release|Any CPU
	EndGlobalSection
	GlobalSection(SolutionProperties) = preSolution
		HideSolutionNode = FALSE
	EndGlobalSection
	GlobalSection(ExtensibilityGlobals) = postSolution
		SolutionGuid = {8B25780C-B5FD-41B4-BF46-FB7651508F98}
	EndGlobalSection
EndGlobal
