
Microsoft Visual Studio Solution File, Format Version 12.00
# Visual Studio Version 17
VisualStudioVersion = 17.4.33205.214
MinimumVisualStudioVersion = 10.0.40219.1
Project("{9A19103F-16F7-4668-BE54-9A1E7A4F7556}") = "Loop", "Loop.csproj", "{1521D6C9-79F0-4C0F-A480-38F9E376CB98}"
EndProject
Global
	GlobalSection(SolutionConfigurationPlatforms) = preSolution
		Debug|Any CPU = Debug|Any CPU
		Release|Any CPU = Release|Any CPU
	EndGlobalSection
	GlobalSection(ProjectConfigurationPlatforms) = postSolution
		{1521D6C9-79F0-4C0F-A480-38F9E376CB98}.Debug|Any CPU.ActiveCfg = Debug|Any CPU
		{1521D6C9-79F0-4C0F-A480-38F9E376CB98}.Debug|Any CPU.Build.0 = Debug|Any CPU
		{1521D6C9-79F0-4C0F-A480-38F9E376CB98}.Release|Any CPU.ActiveCfg = Release|Any CPU
		{1521D6C9-79F0-4C0F-A480-38F9E376CB98}.Release|Any CPU.Build.0 = Release|Any CPU
	EndGlobalSection
	GlobalSection(SolutionProperties) = preSolution
		HideSolutionNode = FALSE
	EndGlobalSection
	GlobalSection(ExtensibilityGlobals) = postSolution
		SolutionGuid = {C2632BBF-DE0A-4606-9A01-2137F595CF31}
	EndGlobalSection
EndGlobal
