
Microsoft Visual Studio Solution File, Format Version 12.00
# Visual Studio Version 17
VisualStudioVersion = 17.4.33122.133
MinimumVisualStudioVersion = 10.0.40219.1
Project("{9A19103F-16F7-4668-BE54-9A1E7A4F7556}") = "IfElseStatements", "IfElseStatements.csproj", "{C6794266-57A4-4A3E-878D-B1C3D6631D87}"
EndProject
Global
	GlobalSection(SolutionConfigurationPlatforms) = preSolution
		Debug|Any CPU = Debug|Any CPU
		Release|Any CPU = Release|Any CPU
	EndGlobalSection
	GlobalSection(ProjectConfigurationPlatforms) = postSolution
		{C6794266-57A4-4A3E-878D-B1C3D6631D87}.Debug|Any CPU.ActiveCfg = Debug|Any CPU
		{C6794266-57A4-4A3E-878D-B1C3D6631D87}.Debug|Any CPU.Build.0 = Debug|Any CPU
		{C6794266-57A4-4A3E-878D-B1C3D6631D87}.Release|Any CPU.ActiveCfg = Release|Any CPU
		{C6794266-57A4-4A3E-878D-B1C3D6631D87}.Release|Any CPU.Build.0 = Release|Any CPU
	EndGlobalSection
	GlobalSection(SolutionProperties) = preSolution
		HideSolutionNode = FALSE
	EndGlobalSection
	GlobalSection(ExtensibilityGlobals) = postSolution
		SolutionGuid = {0CA34B81-8762-468D-96A8-0BF792B7FF44}
	EndGlobalSection
EndGlobal
