
Microsoft Visual Studio Solution File, Format Version 12.00
# Visual Studio Version 17
VisualStudioVersion = 17.4.33122.133
MinimumVisualStudioVersion = 10.0.40219.1
Project("{FAE04EC0-301F-11D3-BF4B-00C04F79EFBC}") = "Arrays", "Arrays\Arrays.csproj", "{12A0F013-2392-4E8B-A5E5-502843B767EE}"
EndProject
Global
	GlobalSection(SolutionConfigurationPlatforms) = preSolution
		Debug|Any CPU = Debug|Any CPU
		Release|Any CPU = Release|Any CPU
	EndGlobalSection
	GlobalSection(ProjectConfigurationPlatforms) = postSolution
		{12A0F013-2392-4E8B-A5E5-502843B767EE}.Debug|Any CPU.ActiveCfg = Debug|Any CPU
		{12A0F013-2392-4E8B-A5E5-502843B767EE}.Debug|Any CPU.Build.0 = Debug|Any CPU
		{12A0F013-2392-4E8B-A5E5-502843B767EE}.Release|Any CPU.ActiveCfg = Release|Any CPU
		{12A0F013-2392-4E8B-A5E5-502843B767EE}.Release|Any CPU.Build.0 = Release|Any CPU
	EndGlobalSection
	GlobalSection(SolutionProperties) = preSolution
		HideSolutionNode = FALSE
	EndGlobalSection
	GlobalSection(ExtensibilityGlobals) = postSolution
		SolutionGuid = {D0F564B8-B96F-43D4-A450-BE55E0D97D2A}
	EndGlobalSection
EndGlobal
