
Microsoft Visual Studio Solution File, Format Version 12.00
# Visual Studio Version 17
VisualStudioVersion = 17.4.33122.133
MinimumVisualStudioVersion = 10.0.40219.1
Project("{FAE04EC0-301F-11D3-BF4B-00C04F79EFBC}") = "CSharpDayTwo", "CSharpDayTwo\CSharpDayTwo.csproj", "{EC613778-6E6F-4FD0-968B-D3273296AFB9}"
EndProject
Global
	GlobalSection(SolutionConfigurationPlatforms) = preSolution
		Debug|Any CPU = Debug|Any CPU
		Release|Any CPU = Release|Any CPU
	EndGlobalSection
	GlobalSection(ProjectConfigurationPlatforms) = postSolution
		{EC613778-6E6F-4FD0-968B-D3273296AFB9}.Debug|Any CPU.ActiveCfg = Debug|Any CPU
		{EC613778-6E6F-4FD0-968B-D3273296AFB9}.Debug|Any CPU.Build.0 = Debug|Any CPU
		{EC613778-6E6F-4FD0-968B-D3273296AFB9}.Release|Any CPU.ActiveCfg = Release|Any CPU
		{EC613778-6E6F-4FD0-968B-D3273296AFB9}.Release|Any CPU.Build.0 = Release|Any CPU
	EndGlobalSection
	GlobalSection(SolutionProperties) = preSolution
		HideSolutionNode = FALSE
	EndGlobalSection
	GlobalSection(ExtensibilityGlobals) = postSolution
		SolutionGuid = {E2DD355A-DA13-4CA1-BE09-9A62D10CA2BD}
	EndGlobalSection
EndGlobal
