
Microsoft Visual Studio Solution File, Format Version 12.00
# Visual Studio Version 17
VisualStudioVersion = 17.4.33205.214
MinimumVisualStudioVersion = 10.0.40219.1
Project("{FAE04EC0-301F-11D3-BF4B-00C04F79EFBC}") = "Methods", "Methods\Methods.csproj", "{3314EFFF-6D71-41E8-9A1D-3DB0CD5316AB}"
EndProject
Global
	GlobalSection(SolutionConfigurationPlatforms) = preSolution
		Debug|Any CPU = Debug|Any CPU
		Release|Any CPU = Release|Any CPU
	EndGlobalSection
	GlobalSection(ProjectConfigurationPlatforms) = postSolution
		{3314EFFF-6D71-41E8-9A1D-3DB0CD5316AB}.Debug|Any CPU.ActiveCfg = Debug|Any CPU
		{3314EFFF-6D71-41E8-9A1D-3DB0CD5316AB}.Debug|Any CPU.Build.0 = Debug|Any CPU
		{3314EFFF-6D71-41E8-9A1D-3DB0CD5316AB}.Release|Any CPU.ActiveCfg = Release|Any CPU
		{3314EFFF-6D71-41E8-9A1D-3DB0CD5316AB}.Release|Any CPU.Build.0 = Release|Any CPU
	EndGlobalSection
	GlobalSection(SolutionProperties) = preSolution
		HideSolutionNode = FALSE
	EndGlobalSection
	GlobalSection(ExtensibilityGlobals) = postSolution
		SolutionGuid = {E7BA95D1-142C-4AAB-8F1D-5EDEC9C1F5C7}
	EndGlobalSection
EndGlobal
